// !$*UTF8*$!
{
	archiveVersion = 1;
	classes = {
	};
	objectVersion = 50;
	objects = {

/* Begin PBXBuildFile section */
		DCA51BF52A49AB15007DB1C8 /* CepResponseData.swift in Sources */ = {isa = PBXBuildFile; fileRef = DCA51BF42A49AB15007DB1C8 /* CepResponseData.swift */; };
		DCB56FB02A407142000106E3 /* AppDelegate.swift in Sources */ = {isa = PBXBuildFile; fileRef = DCB56FAF2A407142000106E3 /* AppDelegate.swift */; };
		DCB56FB22A407142000106E3 /* SceneDelegate.swift in Sources */ = {isa = PBXBuildFile; fileRef = DCB56FB12A407142000106E3 /* SceneDelegate.swift */; };
		DCB56FB42A407142000106E3 /* ViewController.swift in Sources */ = {isa = PBXBuildFile; fileRef = DCB56FB32A407142000106E3 /* ViewController.swift */; };
		DCB56FB72A407142000106E3 /* Main.storyboard in Resources */ = {isa = PBXBuildFile; fileRef = DCB56FB52A407142000106E3 /* Main.storyboard */; };
		DCB56FB92A40714B000106E3 /* Assets.xcassets in Resources */ = {isa = PBXBuildFile; fileRef = DCB56FB82A40714B000106E3 /* Assets.xcassets */; };
		DCB56FBC2A40714B000106E3 /* LaunchScreen.storyboard in Resources */ = {isa = PBXBuildFile; fileRef = DCB56FBA2A40714B000106E3 /* LaunchScreen.storyboard */; };
/* End PBXBuildFile section */

/* Begin PBXFileReference section */
		DCA51BF42A49AB15007DB1C8 /* CepResponseData.swift */ = {isa = PBXFileReference; lastKnownFileType = sourcecode.swift; path = CepResponseData.swift; sourceTree = "<group>"; };
		DCB56FAC2A407142000106E3 /* atividadecep.app */ = {isa = PBXFileReference; explicitFileType = wrapper.application; includeInIndex = 0; path = atividadecep.app; sourceTree = BUILT_PRODUCTS_DIR; };
		DCB56FAF2A407142000106E3 /* AppDelegate.swift */ = {isa = PBXFileReference; lastKnownFileType = sourcecode.swift; path = AppDelegate.swift; sourceTree = "<group>"; };
		DCB56FB12A407142000106E3 /* SceneDelegate.swift */ = {isa = PBXFileReference; lastKnownFileType = sourcecode.swift; path = SceneDelegate.swift; sourceTree = "<group>"; };
		DCB56FB32A407142000106E3 /* ViewController.swift */ = {isa = PBXFileReference; lastKnownFileType = sourcecode.swift; path = ViewController.swift; sourceTree = "<group>"; };
		DCB56FB62A407142000106E3 /* Base */ = {isa = PBXFileReference; lastKnownFileType = file.storyboard; name = Base; path = Base.lproj/Main.storyboard; sourceTree = "<group>"; };
		DCB56FB82A40714B000106E3 /* Assets.xcassets */ = {isa = PBXFileReference; lastKnownFileType = folder.assetcatalog; path = Assets.xcassets; sourceTree = "<group>"; };
		DCB56FBB2A40714B000106E3 /* Base */ = {isa = PBXFileReference; lastKnownFileType = file.storyboard; name = Base; path = Base.lproj/LaunchScreen.storyboard; sourceTree = "<group>"; };
		DCB56FBD2A40714B000106E3 /* Info.plist */ = {isa = PBXFileReference; lastKnownFileType = text.plist.xml; path = Info.plist; sourceTree = "<group>"; };
/* End PBXFileReference section */

/* Begin PBXFrameworksBuildPhase section */
		DCB56FA92A407142000106E3 /* Frameworks */ = {
			isa = PBXFrameworksBuildPhase;
			buildActionMask = 2147483647;
			files = (
			);
			runOnlyForDeploymentPostprocessing = 0;
		};
/* End PBXFrameworksBuildPhase section */

/* Begin PBXGroup section */
		DCB56FA32A407142000106E3 = {
			isa = PBXGroup;
			children = (
				DCB56FAE2A407142000106E3 /* atividadecep */,
				DCB56FAD2A407142000106E3 /* Products */,
			);
			sourceTree = "<group>";
		};
		DCB56FAD2A407142000106E3 /* Products */ = {
			isa = PBXGroup;
			children = (
				DCB56FAC2A407142000106E3 /* atividadecep.app */,
			);
			name = Products;
			sourceTree = "<group>";
		};
		DCB56FAE2A407142000106E3 /* atividadecep */ = {
			isa = PBXGroup;
			children = (
				DCB56FAF2A407142000106E3 /* AppDelegate.swift */,
				DCB56FB12A407142000106E3 /* SceneDelegate.swift */,
				DCB56FB32A407142000106E3 /* ViewController.swift */,
				DCA51BF42A49AB15007DB1C8 /* CepResponseData.swift */,
				DCB56FB52A407142000106E3 /* Main.storyboard */,
				DCB56FB82A40714B000106E3 /* Assets.xcassets */,
				DCB56FBA2A40714B000106E3 /* LaunchScreen.storyboard */,
				DCB56FBD2A40714B000106E3 /* Info.plist */,
			);
			path = atividadecep;
			sourceTree = "<group>";
		};
/* End PBXGroup section */

/* Begin PBXNativeTarget section */
		DCB56FAB2A407142000106E3 /* atividadecep */ = {
			isa = PBXNativeTarget;
			buildConfigurationList = DCB56FC02A40714B000106E3 /* Build configuration list for PBXNativeTarget "atividadecep" */;
			buildPhases = (
				DCB56FA82A407142000106E3 /* Sources */,
				DCB56FA92A407142000106E3 /* Frameworks */,
				DCB56FAA2A407142000106E3 /* Resources */,
			);
			buildRules = (
			);
			dependencies = (
			);
			name = atividadecep;
			productName = atividadecep;
			productReference = DCB56FAC2A407142000106E3 /* atividadecep.app */;
			productType = "com.apple.product-type.application";
		};
/* End PBXNativeTarget section */

/* Begin PBXProject section */
		DCB56FA42A407142000106E3 /* Project object */ = {
			isa = PBXProject;
			attributes = {
				LastSwiftUpdateCheck = 1200;
				LastUpgradeCheck = 1200;
				TargetAttributes = {
					DCB56FAB2A407142000106E3 = {
						CreatedOnToolsVersion = 12.0.1;
					};
				};
			};
			buildConfigurationList = DCB56FA72A407142000106E3 /* Build configuration list for PBXProject "atividadecep" */;
			compatibilityVersion = "Xcode 9.3";
			developmentRegion = en;
			hasScannedForEncodings = 0;
			knownRegions = (
				en,
				Base,
			);
			mainGroup = DCB56FA32A407142000106E3;
			productRefGroup = DCB56FAD2A407142000106E3 /* Products */;
			projectDirPath = "";
			projectRoot = "";
			targets = (
				DCB56FAB2A407142000106E3 /* atividadecep */,
			);
		};
/* End PBXProject section */

/* Begin PBXResourcesBuildPhase section */
		DCB56FAA2A407142000106E3 /* Resources */ = {
			isa = PBXResourcesBuildPhase;
			buildActionMask = 2147483647;
			files = (
				DCB56FBC2A40714B000106E3 /* LaunchScreen.storyboard in Resources */,
				DCB56FB92A40714B000106E3 /* Assets.xcassets in Resources */,
				DCB56FB72A407142000106E3 /* Main.storyboard in Resources */,
			);
			runOnlyForDeploymentPostprocessing = 0;
		};
/* End PBXResourcesBuildPhase section */

/* Begin PBXSourcesBuildPhase section */
		DCB56FA82A407142000106E3 /* Sources */ = {
			isa = PBXSourcesBuildPhase;
			buildActionMask = 2147483647;
			files = (
				DCB56FB42A407142000106E3 /* ViewController.swift in Sources */,
				DCA51BF52A49AB15007DB1C8 /* CepResponseData.swift in Sources */,
				DCB56FB02A407142000106E3 /* AppDelegate.swift in Sources */,
				DCB56FB22A407142000106E3 /* SceneDelegate.swift in Sources */,
			);
			runOnlyForDeploymentPostprocessing = 0;
		};
/* End PBXSourcesBuildPhase section */

/* Begin PBXVariantGroup section */
		DCB56FB52A407142000106E3 /* Main.storyboard */ = {
			isa = PBXVariantGroup;
			children = (
				DCB56FB62A407142000106E3 /* Base */,
			);
			name = Main.storyboard;
			sourceTree = "<group>";
		};
		DCB56FBA2A40714B000106E3 /* LaunchScreen.storyboard */ = {
			isa = PBXVariantGroup;
			children = (
				DCB56FBB2A40714B000106E3 /* Base */,
			);
			name = LaunchScreen.storyboard;
			sourceTree = "<group>";
		};
/* End PBXVariantGroup section */

/* Begin XCBuildConfiguration section */
		DCB56FBE2A40714B000106E3 /* Debug */ = {
			isa = XCBuildConfiguration;
			buildSettings = {
				ALWAYS_SEARCH_USER_PATHS = NO;
				CLANG_ANALYZER_NONNULL = YES;
				CLANG_ANALYZER_NUMBER_OBJECT_CONVERSION = YES_AGGRESSIVE;
				CLANG_CXX_LANGUAGE_STANDARD = "gnu++14";
				CLANG_CXX_LIBRARY = "libc++";
				CLANG_ENABLE_MODULES = YES;
				CLANG_ENABLE_OBJC_ARC = YES;
				CLANG_ENABLE_OBJC_WEAK = YES;
				CLANG_WARN_BLOCK_CAPTURE_AUTORELEASING = YES;
				CLANG_WARN_BOOL_CONVERSION = YES;
				CLANG_WARN_COMMA = YES;
				CLANG_WARN_CONSTANT_CONVERSION = YES;
				CLANG_WARN_DEPRECATED_OBJC_IMPLEMENTATIONS = YES;
				CLANG_WARN_DIRECT_OBJC_ISA_USAGE = YES_ERROR;
				CLANG_WARN_DOCUMENTATION_COMMENTS = YES;
				CLANG_WARN_EMPTY_BODY = YES;
				CLANG_WARN_ENUM_CONVERSION = YES;
				CLANG_WARN_INFINITE_RECURSION = YES;
				CLANG_WARN_INT_CONVERSION = YES;
				CLANG_WARN_NON_LITERAL_NULL_CONVERSION = YES;
				CLANG_WARN_OBJC_IMPLICIT_RETAIN_SELF = YES;
				CLANG_WARN_OBJC_LITERAL_CONVERSION = YES;
				CLANG_WARN_OBJC_ROOT_CLASS = YES_ERROR;
				CLANG_WARN_QUOTED_INCLUDE_IN_FRAMEWORK_HEADER = YES;
				CLANG_WARN_RANGE_LOOP_ANALYSIS = YES;
				CLANG_WARN_STRICT_PROTOTYPES = YES;
				CLANG_WARN_SUSPICIOUS_MOVE = YES;
				CLANG_WARN_UNGUARDED_AVAILABILITY = YES_AGGRESSIVE;
				CLANG_WARN_UNREACHABLE_CODE = YES;
				CLANG_WARN__DUPLICATE_METHOD_MATCH = YES;
				COPY_PHASE_STRIP = NO;
				DEBUG_INFORMATION_FORMAT = dwarf;
				ENABLE_STRICT_OBJC_MSGSEND = YES;
				ENABLE_TESTABILITY = YES;
				GCC_C_LANGUAGE_STANDARD = gnu11;
				GCC_DYNAMIC_NO_PIC = NO;
				GCC_NO_COMMON_BLOCKS = YES;
				GCC_OPTIMIZATION_LEVEL = 0;
				GCC_PREPROCESSOR_DEFINITIONS = (
					"DEBUG=1",
					"$(inherited)",
				);
				GCC_WARN_64_TO_32_BIT_CONVERSION = YES;
				GCC_WARN_ABOUT_RETURN_TYPE = YES_ERROR;
				GCC_WARN_UNDECLARED_SELECTOR = YES;
				GCC_WARN_UNINITIALIZED_AUTOS = YES_AGGRESSIVE;
				GCC_WARN_UNUSED_FUNCTION = YES;
				GCC_WARN_UNUSED_VARIABLE = YES;
				IPHONEOS_DEPLOYMENT_TARGET = 14.0;
				MTL_ENABLE_DEBUG_INFO = INCLUDE_SOURCE;
				MTL_FAST_MATH = YES;
				ONLY_ACTIVE_ARCH = YES;
				SDKROOT = iphoneos;
				SWIFT_ACTIVE_COMPILATION_CONDITIONS = DEBUG;
				SWIFT_OPTIMIZATION_LEVEL = "-Onone";
			};
			name = Debug;
		};
		DCB56FBF2A40714B000106E3 /* Release */ = {
			isa = XCBuildConfiguration;
			buildSettings = {
				ALWAYS_SEARCH_USER_PATHS = NO;
				CLANG_ANALYZER_NONNULL = YES;
				CLANG_ANALYZER_NUMBER_OBJECT_CONVERSION = YES_AGGRESSIVE;
				CLANG_CXX_LANGUAGE_STANDARD = "gnu++14";
				CLANG_CXX_LIBRARY = "libc++";
				CLANG_ENABLE_MODULES = YES;
				CLANG_ENABLE_OBJC_ARC = YES;
				CLANG_ENABLE_OBJC_WEAK = YES;
				CLANG_WARN_BLOCK_CAPTURE_AUTORELEASING = YES;
				CLANG_WARN_BOOL_CONVERSION = YES;
				CLANG_WARN_COMMA = YES;
				CLANG_WARN_CONSTANT_CONVERSION = YES;
				CLANG_WARN_DEPRECATED_OBJC_IMPLEMENTATIONS = YES;
				CLANG_WARN_DIRECT_OBJC_ISA_USAGE = YES_ERROR;
				CLANG_WARN_DOCUMENTATION_COMMENTS = YES;
				CLANG_WARN_EMPTY_BODY = YES;
				CLANG_WARN_ENUM_CONVERSION = YES;
				CLANG_WARN_INFINITE_RECURSION = YES;
				CLANG_WARN_INT_CONVERSION = YES;
				CLANG_WARN_NON_LITERAL_NULL_CONVERSION = YES;
				CLANG_WARN_OBJC_IMPLICIT_RETAIN_SELF = YES;
				CLANG_WARN_OBJC_LITERAL_CONVERSION = YES;
				CLANG_WARN_OBJC_ROOT_CLASS = YES_ERROR;
				CLANG_WARN_QUOTED_INCLUDE_IN_FRAMEWORK_HEADER = YES;
				CLANG_WARN_RANGE_LOOP_ANALYSIS = YES;
				CLANG_WARN_STRICT_PROTOTYPES = YES;
				CLANG_WARN_SUSPICIOUS_MOVE = YES;
				CLANG_WARN_UNGUARDED_AVAILABILITY = YES_AGGRESSIVE;
				CLANG_WARN_UNREACHABLE_CODE = YES;
				CLANG_WARN__DUPLICATE_METHOD_MATCH = YES;
				COPY_PHASE_STRIP = NO;
				DEBUG_INFORMATION_FORMAT = "dwarf-with-dsym";
				ENABLE_NS_ASSERTIONS = NO;
				ENABLE_STRICT_OBJC_MSGSEND = YES;
				GCC_C_LANGUAGE_STANDARD = gnu11;
				GCC_NO_COMMON_BLOCKS = YES;
				GCC_WARN_64_TO_32_BIT_CONVERSION = YES;
				GCC_WARN_ABOUT_RETURN_TYPE = YES_ERROR;
				GCC_WARN_UNDECLARED_SELECTOR = YES;
				GCC_WARN_UNINITIALIZED_AUTOS = YES_AGGRESSIVE;
				GCC_WARN_UNUSED_FUNCTION = YES;
				GCC_WARN_UNUSED_VARIABLE = YES;
				IPHONEOS_DEPLOYMENT_TARGET = 14.0;
				MTL_ENABLE_DEBUG_INFO = NO;
				MTL_FAST_MATH = YES;
				SDKROOT = iphoneos;
				SWIFT_COMPILATION_MODE = wholemodule;
				SWIFT_OPTIMIZATION_LEVEL = "-O";
				VALIDATE_PRODUCT = YES;
			};
			name = Release;
		};
		DCB56FC12A40714B000106E3 /* Debug */ = {
			isa = XCBuildConfiguration;
			buildSettings = {
				ASSETCATALOG_COMPILER_APPICON_NAME = AppIcon;
				ASSETCATALOG_COMPILER_GLOBAL_ACCENT_COLOR_NAME = AccentColor;
				CODE_SIGN_STYLE = Automatic;
				INFOPLIST_FILE = atividadecep/Info.plist;
				LD_RUNPATH_SEARCH_PATHS = (
					"$(inherited)",
					"@executable_path/Frameworks",
				);
				PRODUCT_BUNDLE_IDENTIFIER = com.projetos.atividadecep;
				PRODUCT_NAME = "$(TARGET_NAME)";
				SWIFT_VERSION = 5.0;
				TARGETED_DEVICE_FAMILY = "1,2";
			};
			name = Debug;
		};
		DCB56FC22A40714B000106E3 /* Release */ = {
			isa = XCBuildConfiguration;
			buildSettings = {
				ASSETCATALOG_COMPILER_APPICON_NAME = AppIcon;
				ASSETCATALOG_COMPILER_GLOBAL_ACCENT_COLOR_NAME = AccentColor;
				CODE_SIGN_STYLE = Automatic;
				INFOPLIST_FILE = atividadecep/Info.plist;
				LD_RUNPATH_SEARCH_PATHS = (
					"$(inherited)",
					"@executable_path/Frameworks",
				);
				PRODUCT_BUNDLE_IDENTIFIER = com.projetos.atividadecep;
				PRODUCT_NAME = "$(TARGET_NAME)";
				SWIFT_VERSION = 5.0;
				TARGETED_DEVICE_FAMILY = "1,2";
			};
			name = Release;
		};
/* End XCBuildConfiguration section */

/* Begin XCConfigurationList section */
		DCB56FA72A407142000106E3 /* Build configuration list for PBXProject "atividadecep" */ = {
			isa = XCConfigurationList;
			buildConfigurations = (
				DCB56FBE2A40714B000106E3 /* Debug */,
				DCB56FBF2A40714B000106E3 /* Release */,
			);
			defaultConfigurationIsVisible = 0;
			defaultConfigurationName = Release;
		};
		DCB56FC02A40714B000106E3 /* Build configuration list for PBXNativeTarget "atividadecep" */ = {
			isa = XCConfigurationList;
			buildConfigurations = (
				DCB56FC12A40714B000106E3 /* Debug */,
				DCB56FC22A40714B000106E3 /* Release */,
			);
			defaultConfigurationIsVisible = 0;
			defaultConfigurationName = Release;
		};
/* End XCConfigurationList section */
	};
	rootObject = DCB56FA42A407142000106E3 /* Project object */;
}
